
Microsoft Visual Studio Solution File, Format Version 12.00
# Visual Studio 15
VisualStudioVersion = 15.0.28010.2036
MinimumVisualStudioVersion = 10.0.40219.1
Project("{FAE04EC0-301F-11D3-BF4B-00C04F79EFBC}") = "DataBase_v01", "DataBase_v01\DataBase_v01.csproj", "{3647D6E0-0CAB-44A4-95CB-BD5D5202B9E2}"
EndProject
Global
	GlobalSection(SolutionConfigurationPlatforms) = preSolution
		Debug|Any CPU = Debug|Any CPU
		Release|Any CPU = Release|Any CPU
	EndGlobalSection
	GlobalSection(ProjectConfigurationPlatforms) = postSolution
		{3647D6E0-0CAB-44A4-95CB-BD5D5202B9E2}.Debug|Any CPU.ActiveCfg = Debug|Any CPU
		{3647D6E0-0CAB-44A4-95CB-BD5D5202B9E2}.Debug|Any CPU.Build.0 = Debug|Any CPU
		{3647D6E0-0CAB-44A4-95CB-BD5D5202B9E2}.Release|Any CPU.ActiveCfg = Release|Any CPU
		{3647D6E0-0CAB-44A4-95CB-BD5D5202B9E2}.Release|Any CPU.Build.0 = Release|Any CPU
	EndGlobalSection
	GlobalSection(SolutionProperties) = preSolution
		HideSolutionNode = FALSE
	EndGlobalSection
	GlobalSection(ExtensibilityGlobals) = postSolution
		SolutionGuid = {97D63256-1967-437B-81DD-D7F2BC1B5D5E}
	EndGlobalSection
EndGlobal
